
Microsoft Visual Studio Solution File, Format Version 12.00
# Visual Studio Version 16
VisualStudioVersion = 16.0.31205.134
MinimumVisualStudioVersion = 10.0.40219.1
Project("{FAE04EC0-301F-11D3-BF4B-00C04F79EFBC}") = "PassMan", "PassMan.csproj", "{0FD4D7EF-D7C9-4405-B6DE-524514D49F6C}"
EndProject
Global
	GlobalSection(SolutionConfigurationPlatforms) = preSolution
		Debug|Any CPU = Debug|Any CPU
		Release|Any CPU = Release|Any CPU
	EndGlobalSection
	GlobalSection(ProjectConfigurationPlatforms) = postSolution
		{0FD4D7EF-D7C9-4405-B6DE-524514D49F6C}.Debug|Any CPU.ActiveCfg = Debug|Any CPU
		{0FD4D7EF-D7C9-4405-B6DE-524514D49F6C}.Debug|Any CPU.Build.0 = Debug|Any CPU
		{0FD4D7EF-D7C9-4405-B6DE-524514D49F6C}.Release|Any CPU.ActiveCfg = Release|Any CPU
		{0FD4D7EF-D7C9-4405-B6DE-524514D49F6C}.Release|Any CPU.Build.0 = Release|Any CPU
	EndGlobalSection
	GlobalSection(SolutionProperties) = preSolution
		HideSolutionNode = FALSE
	EndGlobalSection
	GlobalSection(ExtensibilityGlobals) = postSolution
		SolutionGuid = {A86FC390-4E5E-4FA3-B844-B185EE50F7A7}
	EndGlobalSection
EndGlobal
